// !$*UTF8*$!
{
	archiveVersion = 1;
	classes = {
	};
	objectVersion = 56;
	objects = {

/* Begin PBXBuildFile section */
		0FE9D37F2C3BA1500088E780 /* AppDelegate.swift in Sources */ = {isa = PBXBuildFile; fileRef = 0FE9D37E2C3BA1500088E780 /* AppDelegate.swift */; };
		0FE9D3812C3BA1500088E780 /* SceneDelegate.swift in Sources */ = {isa = PBXBuildFile; fileRef = 0FE9D3802C3BA1500088E780 /* SceneDelegate.swift */; };
		0FE9D3862C3BA1500088E780 /* Main.storyboard in Resources */ = {isa = PBXBuildFile; fileRef = 0FE9D3842C3BA1500088E780 /* Main.storyboard */; };
		0FE9D3882C3BA1510088E780 /* Assets.xcassets in Resources */ = {isa = PBXBuildFile; fileRef = 0FE9D3872C3BA1510088E780 /* Assets.xcassets */; };
		0FE9D38B2C3BA1510088E780 /* LaunchScreen.storyboard in Resources */ = {isa = PBXBuildFile; fileRef = 0FE9D3892C3BA1510088E780 /* LaunchScreen.storyboard */; };
		0FE9D3952C3BA47D0088E780 /* Models.swift in Sources */ = {isa = PBXBuildFile; fileRef = 0FE9D3942C3BA47D0088E780 /* Models.swift */; };
		0FE9D3992C3BC3440088E780 /* LoginViewController.swift in Sources */ = {isa = PBXBuildFile; fileRef = 0FE9D3982C3BC3440088E780 /* LoginViewController.swift */; };
		0FE9D39B2C3BC38D0088E780 /* API_Manager.swift in Sources */ = {isa = PBXBuildFile; fileRef = 0FE9D39A2C3BC38D0088E780 /* API_Manager.swift */; };
		0FE9D39E2C3BC6080088E780 /* ProductCell.swift in Sources */ = {isa = PBXBuildFile; fileRef = 0FE9D39C2C3BC6080088E780 /* ProductCell.swift */; };
		0FE9D39F2C3BC6080088E780 /* ProductCell.xib in Resources */ = {isa = PBXBuildFile; fileRef = 0FE9D39D2C3BC6080088E780 /* ProductCell.xib */; };
		0FE9D3A32C3BCCDC0088E780 /* DetailViewController.swift in Sources */ = {isa = PBXBuildFile; fileRef = 0FE9D3A22C3BCCDC0088E780 /* DetailViewController.swift */; };
/* End PBXBuildFile section */

/* Begin PBXFileReference section */
		0FE9D37B2C3BA1500088E780 /* SystemTask.app */ = {isa = PBXFileReference; explicitFileType = wrapper.application; includeInIndex = 0; path = SystemTask.app; sourceTree = BUILT_PRODUCTS_DIR; };
		0FE9D37E2C3BA1500088E780 /* AppDelegate.swift */ = {isa = PBXFileReference; lastKnownFileType = sourcecode.swift; path = AppDelegate.swift; sourceTree = "<group>"; };
		0FE9D3802C3BA1500088E780 /* SceneDelegate.swift */ = {isa = PBXFileReference; lastKnownFileType = sourcecode.swift; path = SceneDelegate.swift; sourceTree = "<group>"; };
		0FE9D3852C3BA1500088E780 /* Base */ = {isa = PBXFileReference; lastKnownFileType = file.storyboard; name = Base; path = Base.lproj/Main.storyboard; sourceTree = "<group>"; };
		0FE9D3872C3BA1510088E780 /* Assets.xcassets */ = {isa = PBXFileReference; lastKnownFileType = folder.assetcatalog; path = Assets.xcassets; sourceTree = "<group>"; };
		0FE9D38A2C3BA1510088E780 /* Base */ = {isa = PBXFileReference; lastKnownFileType = file.storyboard; name = Base; path = Base.lproj/LaunchScreen.storyboard; sourceTree = "<group>"; };
		0FE9D38C2C3BA1510088E780 /* Info.plist */ = {isa = PBXFileReference; lastKnownFileType = text.plist.xml; path = Info.plist; sourceTree = "<group>"; };
		0FE9D3942C3BA47D0088E780 /* Models.swift */ = {isa = PBXFileReference; lastKnownFileType = sourcecode.swift; path = Models.swift; sourceTree = "<group>"; };
		0FE9D3982C3BC3440088E780 /* LoginViewController.swift */ = {isa = PBXFileReference; lastKnownFileType = sourcecode.swift; path = LoginViewController.swift; sourceTree = "<group>"; };
		0FE9D39A2C3BC38D0088E780 /* API_Manager.swift */ = {isa = PBXFileReference; lastKnownFileType = sourcecode.swift; path = API_Manager.swift; sourceTree = "<group>"; };
		0FE9D39C2C3BC6080088E780 /* ProductCell.swift */ = {isa = PBXFileReference; lastKnownFileType = sourcecode.swift; path = ProductCell.swift; sourceTree = "<group>"; };
		0FE9D39D2C3BC6080088E780 /* ProductCell.xib */ = {isa = PBXFileReference; lastKnownFileType = file.xib; path = ProductCell.xib; sourceTree = "<group>"; };
		0FE9D3A22C3BCCDC0088E780 /* DetailViewController.swift */ = {isa = PBXFileReference; lastKnownFileType = sourcecode.swift; path = DetailViewController.swift; sourceTree = "<group>"; };
/* End PBXFileReference section */

/* Begin PBXFrameworksBuildPhase section */
		0FE9D3782C3BA1500088E780 /* Frameworks */ = {
			isa = PBXFrameworksBuildPhase;
			buildActionMask = 2147483647;
			files = (
			);
			runOnlyForDeploymentPostprocessing = 0;
		};
/* End PBXFrameworksBuildPhase section */

/* Begin PBXGroup section */
		0FCFFD772C3D04540096E989 /* Application */ = {
			isa = PBXGroup;
			children = (
				0FE9D37E2C3BA1500088E780 /* AppDelegate.swift */,
				0FE9D3802C3BA1500088E780 /* SceneDelegate.swift */,
			);
			path = Application;
			sourceTree = "<group>";
		};
		0FCFFD782C3D04830096E989 /* Models */ = {
			isa = PBXGroup;
			children = (
				0FE9D3942C3BA47D0088E780 /* Models.swift */,
			);
			path = "\U0010Models";
			sourceTree = "<group>";
		};
		0FCFFD792C3D04B60096E989 /* Controllers */ = {
			isa = PBXGroup;
			children = (
				0FE9D3982C3BC3440088E780 /* LoginViewController.swift */,
				0FE9D3A22C3BCCDC0088E780 /* DetailViewController.swift */,
			);
			path = Controllers;
			sourceTree = "<group>";
		};
		0FCFFD7A2C3D04D50096E989 /* Xibs */ = {
			isa = PBXGroup;
			children = (
				0FE9D3842C3BA1500088E780 /* Main.storyboard */,
				0FE9D3892C3BA1510088E780 /* LaunchScreen.storyboard */,
				0FE9D39D2C3BC6080088E780 /* ProductCell.xib */,
			);
			path = Xibs;
			sourceTree = "<group>";
		};
		0FCFFD7B2C3D04F50096E989 /* CustomCell */ = {
			isa = PBXGroup;
			children = (
				0FE9D39C2C3BC6080088E780 /* ProductCell.swift */,
			);
			path = CustomCell;
			sourceTree = "<group>";
		};
		0FCFFD7C2C3D05070096E989 /* Services */ = {
			isa = PBXGroup;
			children = (
				0FE9D39A2C3BC38D0088E780 /* API_Manager.swift */,
			);
			path = Services;
			sourceTree = "<group>";
		};
		0FE9D3722C3BA1500088E780 = {
			isa = PBXGroup;
			children = (
				0FE9D37D2C3BA1500088E780 /* SystemTask */,
				0FE9D37C2C3BA1500088E780 /* Products */,
			);
			sourceTree = "<group>";
		};
		0FE9D37C2C3BA1500088E780 /* Products */ = {
			isa = PBXGroup;
			children = (
				0FE9D37B2C3BA1500088E780 /* SystemTask.app */,
			);
			name = Products;
			sourceTree = "<group>";
		};
		0FE9D37D2C3BA1500088E780 /* SystemTask */ = {
			isa = PBXGroup;
			children = (
				0FCFFD772C3D04540096E989 /* Application */,
				0FCFFD792C3D04B60096E989 /* Controllers */,
				0FCFFD782C3D04830096E989 /* Models */,
				0FCFFD7C2C3D05070096E989 /* Services */,
				0FCFFD7B2C3D04F50096E989 /* CustomCell */,
				0FCFFD7A2C3D04D50096E989 /* Xibs */,
				0FE9D3872C3BA1510088E780 /* Assets.xcassets */,
				0FE9D38C2C3BA1510088E780 /* Info.plist */,
			);
			path = SystemTask;
			sourceTree = "<group>";
		};
/* End PBXGroup section */

/* Begin PBXNativeTarget section */
		0FE9D37A2C3BA1500088E780 /* SystemTask */ = {
			isa = PBXNativeTarget;
			buildConfigurationList = 0FE9D38F2C3BA1510088E780 /* Build configuration list for PBXNativeTarget "SystemTask" */;
			buildPhases = (
				0FE9D3772C3BA1500088E780 /* Sources */,
				0FE9D3782C3BA1500088E780 /* Frameworks */,
				0FE9D3792C3BA1500088E780 /* Resources */,
			);
			buildRules = (
			);
			dependencies = (
			);
			name = SystemTask;
			productName = SystemTask;
			productReference = 0FE9D37B2C3BA1500088E780 /* SystemTask.app */;
			productType = "com.apple.product-type.application";
		};
/* End PBXNativeTarget section */

/* Begin PBXProject section */
		0FE9D3732C3BA1500088E780 /* Project object */ = {
			isa = PBXProject;
			attributes = {
				BuildIndependentTargetsInParallel = 1;
				LastSwiftUpdateCheck = 1500;
				LastUpgradeCheck = 1500;
				TargetAttributes = {
					0FE9D37A2C3BA1500088E780 = {
						CreatedOnToolsVersion = 15.0.1;
					};
				};
			};
			buildConfigurationList = 0FE9D3762C3BA1500088E780 /* Build configuration list for PBXProject "SystemTask" */;
			compatibilityVersion = "Xcode 14.0";
			developmentRegion = en;
			hasScannedForEncodings = 0;
			knownRegions = (
				en,
				Base,
			);
			mainGroup = 0FE9D3722C3BA1500088E780;
			productRefGroup = 0FE9D37C2C3BA1500088E780 /* Products */;
			projectDirPath = "";
			projectRoot = "";
			targets = (
				0FE9D37A2C3BA1500088E780 /* SystemTask */,
			);
		};
/* End PBXProject section */

/* Begin PBXResourcesBuildPhase section */
		0FE9D3792C3BA1500088E780 /* Resources */ = {
			isa = PBXResourcesBuildPhase;
			buildActionMask = 2147483647;
			files = (
				0FE9D38B2C3BA1510088E780 /* LaunchScreen.storyboard in Resources */,
				0FE9D39F2C3BC6080088E780 /* ProductCell.xib in Resources */,
				0FE9D3882C3BA1510088E780 /* Assets.xcassets in Resources */,
				0FE9D3862C3BA1500088E780 /* Main.storyboard in Resources */,
			);
			runOnlyForDeploymentPostprocessing = 0;
		};
/* End PBXResourcesBuildPhase section */

/* Begin PBXSourcesBuildPhase section */
		0FE9D3772C3BA1500088E780 /* Sources */ = {
			isa = PBXSourcesBuildPhase;
			buildActionMask = 2147483647;
			files = (
				0FE9D3A32C3BCCDC0088E780 /* DetailViewController.swift in Sources */,
				0FE9D39B2C3BC38D0088E780 /* API_Manager.swift in Sources */,
				0FE9D3992C3BC3440088E780 /* LoginViewController.swift in Sources */,
				0FE9D37F2C3BA1500088E780 /* AppDelegate.swift in Sources */,
				0FE9D39E2C3BC6080088E780 /* ProductCell.swift in Sources */,
				0FE9D3812C3BA1500088E780 /* SceneDelegate.swift in Sources */,
				0FE9D3952C3BA47D0088E780 /* Models.swift in Sources */,
			);
			runOnlyForDeploymentPostprocessing = 0;
		};
/* End PBXSourcesBuildPhase section */

/* Begin PBXVariantGroup section */
		0FE9D3842C3BA1500088E780 /* Main.storyboard */ = {
			isa = PBXVariantGroup;
			children = (
				0FE9D3852C3BA1500088E780 /* Base */,
			);
			name = Main.storyboard;
			sourceTree = "<group>";
		};
		0FE9D3892C3BA1510088E780 /* LaunchScreen.storyboard */ = {
			isa = PBXVariantGroup;
			children = (
				0FE9D38A2C3BA1510088E780 /* Base */,
			);
			name = LaunchScreen.storyboard;
			sourceTree = "<group>";
		};
/* End PBXVariantGroup section */

/* Begin XCBuildConfiguration section */
		0FE9D38D2C3BA1510088E780 /* Debug */ = {
			isa = XCBuildConfiguration;
			buildSettings = {
				ALWAYS_SEARCH_USER_PATHS = NO;
				ASSETCATALOG_COMPILER_GENERATE_SWIFT_ASSET_SYMBOL_EXTENSIONS = YES;
				CLANG_ANALYZER_NONNULL = YES;
				CLANG_ANALYZER_NUMBER_OBJECT_CONVERSION = YES_AGGRESSIVE;
				CLANG_CXX_LANGUAGE_STANDARD = "gnu++20";
				CLANG_ENABLE_MODULES = YES;
				CLANG_ENABLE_OBJC_ARC = YES;
				CLANG_ENABLE_OBJC_WEAK = YES;
				CLANG_WARN_BLOCK_CAPTURE_AUTORELEASING = YES;
				CLANG_WARN_BOOL_CONVERSION = YES;
				CLANG_WARN_COMMA = YES;
				CLANG_WARN_CONSTANT_CONVERSION = YES;
				CLANG_WARN_DEPRECATED_OBJC_IMPLEMENTATIONS = YES;
				CLANG_WARN_DIRECT_OBJC_ISA_USAGE = YES_ERROR;
				CLANG_WARN_DOCUMENTATION_COMMENTS = YES;
				CLANG_WARN_EMPTY_BODY = YES;
				CLANG_WARN_ENUM_CONVERSION = YES;
				CLANG_WARN_INFINITE_RECURSION = YES;
				CLANG_WARN_INT_CONVERSION = YES;
				CLANG_WARN_NON_LITERAL_NULL_CONVERSION = YES;
				CLANG_WARN_OBJC_IMPLICIT_RETAIN_SELF = YES;
				CLANG_WARN_OBJC_LITERAL_CONVERSION = YES;
				CLANG_WARN_OBJC_ROOT_CLASS = YES_ERROR;
				CLANG_WARN_QUOTED_INCLUDE_IN_FRAMEWORK_HEADER = YES;
				CLANG_WARN_RANGE_LOOP_ANALYSIS = YES;
				CLANG_WARN_STRICT_PROTOTYPES = YES;
				CLANG_WARN_SUSPICIOUS_MOVE = YES;
				CLANG_WARN_UNGUARDED_AVAILABILITY = YES_AGGRESSIVE;
				CLANG_WARN_UNREACHABLE_CODE = YES;
				CLANG_WARN__DUPLICATE_METHOD_MATCH = YES;
				COPY_PHASE_STRIP = NO;
				DEBUG_INFORMATION_FORMAT = dwarf;
				ENABLE_STRICT_OBJC_MSGSEND = YES;
				ENABLE_TESTABILITY = YES;
				ENABLE_USER_SCRIPT_SANDBOXING = YES;
				GCC_C_LANGUAGE_STANDARD = gnu17;
				GCC_DYNAMIC_NO_PIC = NO;
				GCC_NO_COMMON_BLOCKS = YES;
				GCC_OPTIMIZATION_LEVEL = 0;
				GCC_PREPROCESSOR_DEFINITIONS = (
					"DEBUG=1",
					"$(inherited)",
				);
				GCC_WARN_64_TO_32_BIT_CONVERSION = YES;
				GCC_WARN_ABOUT_RETURN_TYPE = YES_ERROR;
				GCC_WARN_UNDECLARED_SELECTOR = YES;
				GCC_WARN_UNINITIALIZED_AUTOS = YES_AGGRESSIVE;
				GCC_WARN_UNUSED_FUNCTION = YES;
				GCC_WARN_UNUSED_VARIABLE = YES;
				IPHONEOS_DEPLOYMENT_TARGET = 17.0;
				LOCALIZATION_PREFERS_STRING_CATALOGS = YES;
				MTL_ENABLE_DEBUG_INFO = INCLUDE_SOURCE;
				MTL_FAST_MATH = YES;
				ONLY_ACTIVE_ARCH = YES;
				SDKROOT = iphoneos;
				SWIFT_ACTIVE_COMPILATION_CONDITIONS = "DEBUG $(inherited)";
				SWIFT_OPTIMIZATION_LEVEL = "-Onone";
			};
			name = Debug;
		};
		0FE9D38E2C3BA1510088E780 /* Release */ = {
			isa = XCBuildConfiguration;
			buildSettings = {
				ALWAYS_SEARCH_USER_PATHS = NO;
				ASSETCATALOG_COMPILER_GENERATE_SWIFT_ASSET_SYMBOL_EXTENSIONS = YES;
				CLANG_ANALYZER_NONNULL = YES;
				CLANG_ANALYZER_NUMBER_OBJECT_CONVERSION = YES_AGGRESSIVE;
				CLANG_CXX_LANGUAGE_STANDARD = "gnu++20";
				CLANG_ENABLE_MODULES = YES;
				CLANG_ENABLE_OBJC_ARC = YES;
				CLANG_ENABLE_OBJC_WEAK = YES;
				CLANG_WARN_BLOCK_CAPTURE_AUTORELEASING = YES;
				CLANG_WARN_BOOL_CONVERSION = YES;
				CLANG_WARN_COMMA = YES;
				CLANG_WARN_CONSTANT_CONVERSION = YES;
				CLANG_WARN_DEPRECATED_OBJC_IMPLEMENTATIONS = YES;
				CLANG_WARN_DIRECT_OBJC_ISA_USAGE = YES_ERROR;
				CLANG_WARN_DOCUMENTATION_COMMENTS = YES;
				CLANG_WARN_EMPTY_BODY = YES;
				CLANG_WARN_ENUM_CONVERSION = YES;
				CLANG_WARN_INFINITE_RECURSION = YES;
				CLANG_WARN_INT_CONVERSION = YES;
				CLANG_WARN_NON_LITERAL_NULL_CONVERSION = YES;
				CLANG_WARN_OBJC_IMPLICIT_RETAIN_SELF = YES;
				CLANG_WARN_OBJC_LITERAL_CONVERSION = YES;
				CLANG_WARN_OBJC_ROOT_CLASS = YES_ERROR;
				CLANG_WARN_QUOTED_INCLUDE_IN_FRAMEWORK_HEADER = YES;
				CLANG_WARN_RANGE_LOOP_ANALYSIS = YES;
				CLANG_WARN_STRICT_PROTOTYPES = YES;
				CLANG_WARN_SUSPICIOUS_MOVE = YES;
				CLANG_WARN_UNGUARDED_AVAILABILITY = YES_AGGRESSIVE;
				CLANG_WARN_UNREACHABLE_CODE = YES;
				CLANG_WARN__DUPLICATE_METHOD_MATCH = YES;
				COPY_PHASE_STRIP = NO;
				DEBUG_INFORMATION_FORMAT = "dwarf-with-dsym";
				ENABLE_NS_ASSERTIONS = NO;
				ENABLE_STRICT_OBJC_MSGSEND = YES;
				ENABLE_USER_SCRIPT_SANDBOXING = YES;
				GCC_C_LANGUAGE_STANDARD = gnu17;
				GCC_NO_COMMON_BLOCKS = YES;
				GCC_WARN_64_TO_32_BIT_CONVERSION = YES;
				GCC_WARN_ABOUT_RETURN_TYPE = YES_ERROR;
				GCC_WARN_UNDECLARED_SELECTOR = YES;
				GCC_WARN_UNINITIALIZED_AUTOS = YES_AGGRESSIVE;
				GCC_WARN_UNUSED_FUNCTION = YES;
				GCC_WARN_UNUSED_VARIABLE = YES;
				IPHONEOS_DEPLOYMENT_TARGET = 17.0;
				LOCALIZATION_PREFERS_STRING_CATALOGS = YES;
				MTL_ENABLE_DEBUG_INFO = NO;
				MTL_FAST_MATH = YES;
				SDKROOT = iphoneos;
				SWIFT_COMPILATION_MODE = wholemodule;
				VALIDATE_PRODUCT = YES;
			};
			name = Release;
		};
		0FE9D3902C3BA1510088E780 /* Debug */ = {
			isa = XCBuildConfiguration;
			buildSettings = {
				ASSETCATALOG_COMPILER_APPICON_NAME = AppIcon;
				ASSETCATALOG_COMPILER_GLOBAL_ACCENT_COLOR_NAME = AccentColor;
				CODE_SIGN_STYLE = Automatic;
				CURRENT_PROJECT_VERSION = 1;
				GENERATE_INFOPLIST_FILE = YES;
				INFOPLIST_FILE = SystemTask/Info.plist;
				INFOPLIST_KEY_UIApplicationSupportsIndirectInputEvents = YES;
				INFOPLIST_KEY_UILaunchStoryboardName = LaunchScreen;
				INFOPLIST_KEY_UIMainStoryboardFile = Main;
				INFOPLIST_KEY_UISupportedInterfaceOrientations_iPad = "UIInterfaceOrientationPortrait UIInterfaceOrientationPortraitUpsideDown UIInterfaceOrientationLandscapeLeft UIInterfaceOrientationLandscapeRight";
				INFOPLIST_KEY_UISupportedInterfaceOrientations_iPhone = "UIInterfaceOrientationPortrait UIInterfaceOrientationLandscapeLeft UIInterfaceOrientationLandscapeRight";
				LD_RUNPATH_SEARCH_PATHS = (
					"$(inherited)",
					"@executable_path/Frameworks",
				);
				MARKETING_VERSION = 1.0;
				PRODUCT_BUNDLE_IDENTIFIER = yupptv.SystemTask;
				PRODUCT_NAME = "$(TARGET_NAME)";
				SWIFT_EMIT_LOC_STRINGS = YES;
				SWIFT_VERSION = 5.0;
				TARGETED_DEVICE_FAMILY = "1,2";
			};
			name = Debug;
		};
		0FE9D3912C3BA1510088E780 /* Release */ = {
			isa = XCBuildConfiguration;
			buildSettings = {
				ASSETCATALOG_COMPILER_APPICON_NAME = AppIcon;
				ASSETCATALOG_COMPILER_GLOBAL_ACCENT_COLOR_NAME = AccentColor;
				CODE_SIGN_STYLE = Automatic;
				CURRENT_PROJECT_VERSION = 1;
				GENERATE_INFOPLIST_FILE = YES;
				INFOPLIST_FILE = SystemTask/Info.plist;
				INFOPLIST_KEY_UIApplicationSupportsIndirectInputEvents = YES;
				INFOPLIST_KEY_UILaunchStoryboardName = LaunchScreen;
				INFOPLIST_KEY_UIMainStoryboardFile = Main;
				INFOPLIST_KEY_UISupportedInterfaceOrientations_iPad = "UIInterfaceOrientationPortrait UIInterfaceOrientationPortraitUpsideDown UIInterfaceOrientationLandscapeLeft UIInterfaceOrientationLandscapeRight";
				INFOPLIST_KEY_UISupportedInterfaceOrientations_iPhone = "UIInterfaceOrientationPortrait UIInterfaceOrientationLandscapeLeft UIInterfaceOrientationLandscapeRight";
				LD_RUNPATH_SEARCH_PATHS = (
					"$(inherited)",
					"@executable_path/Frameworks",
				);
				MARKETING_VERSION = 1.0;
				PRODUCT_BUNDLE_IDENTIFIER = yupptv.SystemTask;
				PRODUCT_NAME = "$(TARGET_NAME)";
				SWIFT_EMIT_LOC_STRINGS = YES;
				SWIFT_VERSION = 5.0;
				TARGETED_DEVICE_FAMILY = "1,2";
			};
			name = Release;
		};
/* End XCBuildConfiguration section */

/* Begin XCConfigurationList section */
		0FE9D3762C3BA1500088E780 /* Build configuration list for PBXProject "SystemTask" */ = {
			isa = XCConfigurationList;
			buildConfigurations = (
				0FE9D38D2C3BA1510088E780 /* Debug */,
				0FE9D38E2C3BA1510088E780 /* Release */,
			);
			defaultConfigurationIsVisible = 0;
			defaultConfigurationName = Release;
		};
		0FE9D38F2C3BA1510088E780 /* Build configuration list for PBXNativeTarget "SystemTask" */ = {
			isa = XCConfigurationList;
			buildConfigurations = (
				0FE9D3902C3BA1510088E780 /* Debug */,
				0FE9D3912C3BA1510088E780 /* Release */,
			);
			defaultConfigurationIsVisible = 0;
			defaultConfigurationName = Release;
		};
/* End XCConfigurationList section */
	};
	rootObject = 0FE9D3732C3BA1500088E780 /* Project object */;
}
